
Microsoft Visual Studio Solution File, Format Version 12.00
# Visual Studio Version 17
VisualStudioVersion = 17.3.32804.467
MinimumVisualStudioVersion = 10.0.40219.1
Project("{9A19103F-16F7-4668-BE54-9A1E7A4F7556}") = "ASP.NET Core MVC Identity.NET6", "ASP.NET Core MVC Identity.NET6\ASP.NET Core MVC Identity.NET6.csproj", "{EB22218C-4737-4348-9E05-759B0220CA62}"
EndProject
Project("{FAE04EC0-301F-11D3-BF4B-00C04F79EFBC}") = "ShoppingCart.Models", "ShoppingCart.Models\ShoppingCart.Models.csproj", "{68F945BE-12AB-4576-A3D3-1B66833A02AE}"
EndProject
Project("{FAE04EC0-301F-11D3-BF4B-00C04F79EFBC}") = "ShoppingCart.DataAccess", "ShoppingCart.DataAccess\ShoppingCart.DataAccess.csproj", "{6A5212F0-CB7F-4008-B4A8-5527D122CC08}"
EndProject
Project("{FAE04EC0-301F-11D3-BF4B-00C04F79EFBC}") = "ShoppingCart.Utility", "ShoppingCart.Utility\ShoppingCart.Utility.csproj", "{8967E257-EC6B-47E5-BE91-935C73B237F6}"
EndProject
Global
	GlobalSection(SolutionConfigurationPlatforms) = preSolution
		Debug|Any CPU = Debug|Any CPU
		Release|Any CPU = Release|Any CPU
	EndGlobalSection
	GlobalSection(ProjectConfigurationPlatforms) = postSolution
		{EB22218C-4737-4348-9E05-759B0220CA62}.Debug|Any CPU.ActiveCfg = Debug|Any CPU
		{EB22218C-4737-4348-9E05-759B0220CA62}.Debug|Any CPU.Build.0 = Debug|Any CPU
		{EB22218C-4737-4348-9E05-759B0220CA62}.Release|Any CPU.ActiveCfg = Release|Any CPU
		{EB22218C-4737-4348-9E05-759B0220CA62}.Release|Any CPU.Build.0 = Release|Any CPU
		{68F945BE-12AB-4576-A3D3-1B66833A02AE}.Debug|Any CPU.ActiveCfg = Debug|Any CPU
		{68F945BE-12AB-4576-A3D3-1B66833A02AE}.Debug|Any CPU.Build.0 = Debug|Any CPU
		{68F945BE-12AB-4576-A3D3-1B66833A02AE}.Release|Any CPU.ActiveCfg = Release|Any CPU
		{68F945BE-12AB-4576-A3D3-1B66833A02AE}.Release|Any CPU.Build.0 = Release|Any CPU
		{6A5212F0-CB7F-4008-B4A8-5527D122CC08}.Debug|Any CPU.ActiveCfg = Debug|Any CPU
		{6A5212F0-CB7F-4008-B4A8-5527D122CC08}.Debug|Any CPU.Build.0 = Debug|Any CPU
		{6A5212F0-CB7F-4008-B4A8-5527D122CC08}.Release|Any CPU.ActiveCfg = Release|Any CPU
		{6A5212F0-CB7F-4008-B4A8-5527D122CC08}.Release|Any CPU.Build.0 = Release|Any CPU
		{8967E257-EC6B-47E5-BE91-935C73B237F6}.Debug|Any CPU.ActiveCfg = Debug|Any CPU
		{8967E257-EC6B-47E5-BE91-935C73B237F6}.Debug|Any CPU.Build.0 = Debug|Any CPU
		{8967E257-EC6B-47E5-BE91-935C73B237F6}.Release|Any CPU.ActiveCfg = Release|Any CPU
		{8967E257-EC6B-47E5-BE91-935C73B237F6}.Release|Any CPU.Build.0 = Release|Any CPU
	EndGlobalSection
	GlobalSection(SolutionProperties) = preSolution
		HideSolutionNode = FALSE
	EndGlobalSection
	GlobalSection(ExtensibilityGlobals) = postSolution
		SolutionGuid = {835DC433-F025-4294-AEDD-DB2072EFAF1C}
	EndGlobalSection
EndGlobal
